
Microsoft Visual Studio Solution File, Format Version 12.00
# Visual Studio 14
VisualStudioVersion = 14.0.25420.1
MinimumVisualStudioVersion = 10.0.40219.1
Project("{FAE04EC0-301F-11D3-BF4B-00C04F79EFBC}") = "Task1", "Task1\Task1.csproj", "{1872DC41-02F0-48CA-8B34-ADD00BE4680F}"
EndProject
Project("{FAE04EC0-301F-11D3-BF4B-00C04F79EFBC}") = "Task2", "Task2\Task2.csproj", "{A7E4CC6D-5C93-4444-BE45-A2AE1A326703}"
EndProject
Project("{FAE04EC0-301F-11D3-BF4B-00C04F79EFBC}") = "Task3", "Task3\Task3.csproj", "{646DF793-1776-4F22-9800-E825E32B2E71}"
EndProject
Global
	GlobalSection(SolutionConfigurationPlatforms) = preSolution
		Debug|Any CPU = Debug|Any CPU
		Release|Any CPU = Release|Any CPU
	EndGlobalSection
	GlobalSection(ProjectConfigurationPlatforms) = postSolution
		{1872DC41-02F0-48CA-8B34-ADD00BE4680F}.Debug|Any CPU.ActiveCfg = Debug|Any CPU
		{1872DC41-02F0-48CA-8B34-ADD00BE4680F}.Debug|Any CPU.Build.0 = Debug|Any CPU
		{1872DC41-02F0-48CA-8B34-ADD00BE4680F}.Release|Any CPU.ActiveCfg = Release|Any CPU
		{1872DC41-02F0-48CA-8B34-ADD00BE4680F}.Release|Any CPU.Build.0 = Release|Any CPU
		{A7E4CC6D-5C93-4444-BE45-A2AE1A326703}.Debug|Any CPU.ActiveCfg = Debug|Any CPU
		{A7E4CC6D-5C93-4444-BE45-A2AE1A326703}.Debug|Any CPU.Build.0 = Debug|Any CPU
		{A7E4CC6D-5C93-4444-BE45-A2AE1A326703}.Release|Any CPU.ActiveCfg = Release|Any CPU
		{A7E4CC6D-5C93-4444-BE45-A2AE1A326703}.Release|Any CPU.Build.0 = Release|Any CPU
		{646DF793-1776-4F22-9800-E825E32B2E71}.Debug|Any CPU.ActiveCfg = Debug|Any CPU
		{646DF793-1776-4F22-9800-E825E32B2E71}.Debug|Any CPU.Build.0 = Debug|Any CPU
		{646DF793-1776-4F22-9800-E825E32B2E71}.Release|Any CPU.ActiveCfg = Release|Any CPU
		{646DF793-1776-4F22-9800-E825E32B2E71}.Release|Any CPU.Build.0 = Release|Any CPU
	EndGlobalSection
	GlobalSection(SolutionProperties) = preSolution
		HideSolutionNode = FALSE
	EndGlobalSection
EndGlobal
